
Microsoft Visual Studio Solution File, Format Version 12.00
# Visual Studio Version 16
VisualStudioVersion = 16.0.810.11
MinimumVisualStudioVersion = 10.0.40219.1
Project("{FAE04EC0-301F-11D3-BF4B-00C04F79EFBC}") = "claseMath", "claseMath\claseMath.csproj", "{1108B3E3-7DDB-43B0-87FB-4F471E036AE5}"
EndProject
Project("{FAE04EC0-301F-11D3-BF4B-00C04F79EFBC}") = "claseMath.Test", "claseMath.Test\claseMath.Test.csproj", "{2AFCF996-7E4A-46A6-8C21-72FD86C0B2BE}"
EndProject
Global
	GlobalSection(SolutionConfigurationPlatforms) = preSolution
		Debug|Any CPU = Debug|Any CPU
		Release|Any CPU = Release|Any CPU
	EndGlobalSection
	GlobalSection(ProjectConfigurationPlatforms) = postSolution
		{1108B3E3-7DDB-43B0-87FB-4F471E036AE5}.Debug|Any CPU.ActiveCfg = Debug|Any CPU
		{1108B3E3-7DDB-43B0-87FB-4F471E036AE5}.Debug|Any CPU.Build.0 = Debug|Any CPU
		{1108B3E3-7DDB-43B0-87FB-4F471E036AE5}.Release|Any CPU.ActiveCfg = Release|Any CPU
		{1108B3E3-7DDB-43B0-87FB-4F471E036AE5}.Release|Any CPU.Build.0 = Release|Any CPU
		{2AFCF996-7E4A-46A6-8C21-72FD86C0B2BE}.Debug|Any CPU.ActiveCfg = Debug|Any CPU
		{2AFCF996-7E4A-46A6-8C21-72FD86C0B2BE}.Debug|Any CPU.Build.0 = Debug|Any CPU
		{2AFCF996-7E4A-46A6-8C21-72FD86C0B2BE}.Release|Any CPU.ActiveCfg = Release|Any CPU
		{2AFCF996-7E4A-46A6-8C21-72FD86C0B2BE}.Release|Any CPU.Build.0 = Release|Any CPU
	EndGlobalSection
	GlobalSection(SolutionProperties) = preSolution
		HideSolutionNode = FALSE
	EndGlobalSection
	GlobalSection(ExtensibilityGlobals) = postSolution
		SolutionGuid = {F096DE1C-A548-426E-A0CA-5A15D7115729}
	EndGlobalSection
EndGlobal
